# generated by rye
# use `rye lock` or `rye sync` to update this lockfile
#
# last locked with the following flags:
#   pre: false
#   features: []
#   all-features: false
#   with-sources: false
#   generate-hashes: false
#   universal: false

-e file:.
std-utils @ git+https://github.com/JCorrDevelopment/std-utils@5c1d89efbf7ae2b323225ed83292e79e718a7022
    # via simple-text-renderer
