# generated by rye
# use `rye lock` or `rye sync` to update this lockfile
#
# last locked with the following flags:
#   pre: false
#   features: []
#   all-features: false
#   with-sources: false
#   generate-hashes: false
#   universal: false

-e file:.
std-utils @ git+https://github.com/JCorrDevelopment/std-utils@31b1952b66e2e92e0bd16ea47bca22a03d5671dd
    # via simple-text-renderer
typing-extensions==4.12.2
    # via simple-text-renderer
