# generated by rye
# use `rye lock` or `rye sync` to update this lockfile
#
# last locked with the following flags:
#   pre: false
#   features: []
#   all-features: false
#   with-sources: false
#   generate-hashes: false
#   universal: false

-e file:.
colorama==0.4.6
    # via pytest
iniconfig==2.0.0
    # via pytest
mypy==1.13.0
mypy-extensions==1.0.0
    # via mypy
packaging==24.2
    # via pytest
pip==24.3.1
pluggy==1.5.0
    # via pytest
pytest==8.3.4
ruff==0.8.3
std-utils @ git+https://github.com/JCorrDevelopment/std-utils@439dbc1ad70ddf77b254d91adbda204e4e571b58
    # via simple-text-renderer
typing-extensions==4.12.2
    # via mypy
    # via simple-text-renderer
