# generated by rye
# use `rye lock` or `rye sync` to update this lockfile
#
# last locked with the following flags:
#   pre: false
#   features: []
#   all-features: false
#   with-sources: false
#   generate-hashes: false
#   universal: false

-e file:.
std-utils @ git+https://github.com/JCorrDevelopment/std-utils@439dbc1ad70ddf77b254d91adbda204e4e571b58
    # via simple-text-renderer
typing-extensions==4.12.2
    # via simple-text-renderer
